%{"amrita": {:git, "https://github.com/josephwilk/amrita.git", "753fb7c1b31d70ffbe6ac7bf6e6077983f74f98d", []},
  "apex": {:hex, :apex, "0.3.7", "0e4b39ff34d740da9898e368995fdaab2fe4d2a444a6bbe23ccffb3c6978b92c", [:mix], []},
  "coverex": {:hex, :coverex, "1.0.0", "5db270be30c63381eb5471388a25843f05396e7a1448e26cabd86fe0af038151", [:mix], [{:httpoison, "0.4.2", [hex: :httpoison, optional: false]}, {:poison, "~> 1.1.0", [hex: :poison, optional: false]}]},
  "cowboy": {:hex, :cowboy, "1.0.4", "a324a8df9f2316c833a470d918aaf73ae894278b8aa6226ce7a9bf699388f878", [:rebar, :make], [{:cowlib, "~> 1.0.0", [hex: :cowlib, optional: false]}, {:ranch, "~> 1.0", [hex: :ranch, optional: false]}]},
  "cowlib": {:hex, :cowlib, "1.0.2", "9d769a1d062c9c3ac753096f868ca121e2730b9a377de23dec0f7e08b1df84ee", [:make], []},
  "dbg": {:hex, :dbg, "0.14.3"},
  "hackney": {:hex, :hackney, "0.13.1", "ac5a74c65d221cea8944c0a50f01ad12dc40882635dac0a5e96de5c4416646b6", [:make, :rebar], [{:idna, "1.0.1", [hex: :idna, optional: false]}]},
  "httpoison": {:hex, :httpoison, "0.4.2", "fd3fdcda60820f4bb052c7bb176846e07b22c50b021447c09f79d6469478b015", [:mix], [{:hackney, "~> 0.13.1", [hex: :hackney, optional: false]}]},
  "idna": {:hex, :idna, "1.0.1", "bfbf4ae0f4d346d46726d9d3084a84ffaef5fd2a0299090da07dcf65ea2088eb", [:make], []},
  "jsex": {:hex, :jsex, "2.0.0", "d54a39e49418b34b1a78236a92f73e4d7c46329c220275d7223fab4b3dc6120f", [:mix], [{:jsx, "~> 2.0", [hex: :jsx, optional: false]}]},
  "json": {:git, "git://github.com/cblage/elixir-json.git", "f386b18431bbc0a0b6d38519ec2f256b5a040668", []},
  "jsx": {:hex, :jsx, "2.8.0", "749bec6d205c694ae1786d62cea6cc45a390437e24835fd16d12d74f07097727", [:mix, :rebar], []},
  "meck": {:git, "https://github.com/eproxus/meck.git", "c772db17a7c94e75d20688197f61538d63fe2ae9", [branch: "master"]},
  "poison": {:hex, :poison, "2.2.0", "4763b69a8a77bd77d26f477d196428b741261a761257ff1cf92753a0d4d24a63", [:mix], []},
  "ranch": {:hex, :ranch, "1.2.1", "a6fb992c10f2187b46ffd17ce398ddf8a54f691b81768f9ef5f461ea7e28c762", [:make], []},
  "uuid": {:hex, :uuid, "0.1.5", "b6ace36a422cb8a1c3b02901aa5627595f115fe185ac8b0fdd0a8ee48c235068", [:mix], []}}
