%{"cowboy": {:git, "git://github.com/extend/cowboy.git", "ee3ad5e51005b453230804036e092e1d2ceebe4f", [tag: "0.10.0"]},
  "cowlib": {:git, "git://github.com/extend/cowlib.git", "e2ffefe828b918486e2cd76e44c54ae9b62c616e", [ref: "0.6.2"]},
  "json": {:git, "git://github.com/cblage/elixir-json.git", "f386b18431bbc0a0b6d38519ec2f256b5a040668", []},
  "ranch": {:git, "git://github.com/extend/ranch.git", "3189ef2d47843945efc96c224963380462c33d40", [ref: "0.10.0"]}}
